// !$*UTF8*$!
{
	archiveVersion = 1;
	classes = {
	};
	objectVersion = 50;
	objects = {

/* Begin PBXBuildFile section */
		4043EFA023F7FA5B006E65D8 /* SecondViewController.swift in Sources */ = {isa = PBXBuildFile; fileRef = 4043EF9F23F7FA5B006E65D8 /* SecondViewController.swift */; };
		4043EFA223F8015E006E65D8 /* DisplayViewController.swift in Sources */ = {isa = PBXBuildFile; fileRef = 4043EFA123F8015E006E65D8 /* DisplayViewController.swift */; };
		C34CC8F723F7F1A100766461 /* AppDelegate.swift in Sources */ = {isa = PBXBuildFile; fileRef = C34CC8F623F7F1A100766461 /* AppDelegate.swift */; };
		C34CC8F923F7F1A100766461 /* ViewController.swift in Sources */ = {isa = PBXBuildFile; fileRef = C34CC8F823F7F1A100766461 /* ViewController.swift */; };
		C34CC8FC23F7F1A100766461 /* Main.storyboard in Resources */ = {isa = PBXBuildFile; fileRef = C34CC8FA23F7F1A100766461 /* Main.storyboard */; };
		C34CC8FE23F7F1A100766461 /* Assets.xcassets in Resources */ = {isa = PBXBuildFile; fileRef = C34CC8FD23F7F1A100766461 /* Assets.xcassets */; };
		C34CC90123F7F1A100766461 /* LaunchScreen.storyboard in Resources */ = {isa = PBXBuildFile; fileRef = C34CC8FF23F7F1A100766461 /* LaunchScreen.storyboard */; };
		C34CC90C23F7F1A100766461 /* treeTests.swift in Sources */ = {isa = PBXBuildFile; fileRef = C34CC90B23F7F1A100766461 /* treeTests.swift */; };
		C34CC91723F7F1A100766461 /* treeUITests.swift in Sources */ = {isa = PBXBuildFile; fileRef = C34CC91623F7F1A100766461 /* treeUITests.swift */; };
/* End PBXBuildFile section */

/* Begin PBXContainerItemProxy section */
		C34CC90823F7F1A100766461 /* PBXContainerItemProxy */ = {
			isa = PBXContainerItemProxy;
			containerPortal = C34CC8EB23F7F1A100766461 /* Project object */;
			proxyType = 1;
			remoteGlobalIDString = C34CC8F223F7F1A100766461;
			remoteInfo = tree;
		};
		C34CC91323F7F1A100766461 /* PBXContainerItemProxy */ = {
			isa = PBXContainerItemProxy;
			containerPortal = C34CC8EB23F7F1A100766461 /* Project object */;
			proxyType = 1;
			remoteGlobalIDString = C34CC8F223F7F1A100766461;
			remoteInfo = tree;
		};
/* End PBXContainerItemProxy section */

/* Begin PBXFileReference section */
		4043EF9F23F7FA5B006E65D8 /* SecondViewController.swift */ = {isa = PBXFileReference; lastKnownFileType = sourcecode.swift; path = SecondViewController.swift; sourceTree = "<group>"; };
		4043EFA123F8015E006E65D8 /* DisplayViewController.swift */ = {isa = PBXFileReference; lastKnownFileType = sourcecode.swift; path = DisplayViewController.swift; sourceTree = "<group>"; };
		C34CC8F323F7F1A100766461 /* Equitas.app */ = {isa = PBXFileReference; explicitFileType = wrapper.application; includeInIndex = 0; path = Equitas.app; sourceTree = BUILT_PRODUCTS_DIR; };
		C34CC8F623F7F1A100766461 /* AppDelegate.swift */ = {isa = PBXFileReference; lastKnownFileType = sourcecode.swift; path = AppDelegate.swift; sourceTree = "<group>"; };
		C34CC8F823F7F1A100766461 /* ViewController.swift */ = {isa = PBXFileReference; lastKnownFileType = sourcecode.swift; path = ViewController.swift; sourceTree = "<group>"; };
		C34CC8FB23F7F1A100766461 /* Base */ = {isa = PBXFileReference; lastKnownFileType = file.storyboard; name = Base; path = Base.lproj/Main.storyboard; sourceTree = "<group>"; };
		C34CC8FD23F7F1A100766461 /* Assets.xcassets */ = {isa = PBXFileReference; lastKnownFileType = folder.assetcatalog; path = Assets.xcassets; sourceTree = "<group>"; };
		C34CC90023F7F1A100766461 /* Base */ = {isa = PBXFileReference; lastKnownFileType = file.storyboard; name = Base; path = Base.lproj/LaunchScreen.storyboard; sourceTree = "<group>"; };
		C34CC90223F7F1A100766461 /* Info.plist */ = {isa = PBXFileReference; lastKnownFileType = text.plist.xml; path = Info.plist; sourceTree = "<group>"; };
		C34CC90723F7F1A100766461 /* treeTests.xctest */ = {isa = PBXFileReference; explicitFileType = wrapper.cfbundle; includeInIndex = 0; path = treeTests.xctest; sourceTree = BUILT_PRODUCTS_DIR; };
		C34CC90B23F7F1A100766461 /* treeTests.swift */ = {isa = PBXFileReference; lastKnownFileType = sourcecode.swift; path = treeTests.swift; sourceTree = "<group>"; };
		C34CC90D23F7F1A100766461 /* Info.plist */ = {isa = PBXFileReference; lastKnownFileType = text.plist.xml; path = Info.plist; sourceTree = "<group>"; };
		C34CC91223F7F1A100766461 /* treeUITests.xctest */ = {isa = PBXFileReference; explicitFileType = wrapper.cfbundle; includeInIndex = 0; path = treeUITests.xctest; sourceTree = BUILT_PRODUCTS_DIR; };
		C34CC91623F7F1A100766461 /* treeUITests.swift */ = {isa = PBXFileReference; lastKnownFileType = sourcecode.swift; path = treeUITests.swift; sourceTree = "<group>"; };
		C34CC91823F7F1A200766461 /* Info.plist */ = {isa = PBXFileReference; lastKnownFileType = text.plist.xml; path = Info.plist; sourceTree = "<group>"; };
/* End PBXFileReference section */

/* Begin PBXFrameworksBuildPhase section */
		C34CC8F023F7F1A100766461 /* Frameworks */ = {
			isa = PBXFrameworksBuildPhase;
			buildActionMask = 2147483647;
			files = (
			);
			runOnlyForDeploymentPostprocessing = 0;
		};
		C34CC90423F7F1A100766461 /* Frameworks */ = {
			isa = PBXFrameworksBuildPhase;
			buildActionMask = 2147483647;
			files = (
			);
			runOnlyForDeploymentPostprocessing = 0;
		};
		C34CC90F23F7F1A100766461 /* Frameworks */ = {
			isa = PBXFrameworksBuildPhase;
			buildActionMask = 2147483647;
			files = (
			);
			runOnlyForDeploymentPostprocessing = 0;
		};
/* End PBXFrameworksBuildPhase section */

/* Begin PBXGroup section */
		C34CC8EA23F7F1A100766461 = {
			isa = PBXGroup;
			children = (
				C34CC8F523F7F1A100766461 /* tree */,
				C34CC90A23F7F1A100766461 /* treeTests */,
				C34CC91523F7F1A100766461 /* treeUITests */,
				C34CC8F423F7F1A100766461 /* Products */,
			);
			sourceTree = "<group>";
		};
		C34CC8F423F7F1A100766461 /* Products */ = {
			isa = PBXGroup;
			children = (
				C34CC8F323F7F1A100766461 /* Equitas.app */,
				C34CC90723F7F1A100766461 /* treeTests.xctest */,
				C34CC91223F7F1A100766461 /* treeUITests.xctest */,
			);
			name = Products;
			sourceTree = "<group>";
		};
		C34CC8F523F7F1A100766461 /* tree */ = {
			isa = PBXGroup;
			children = (
				C34CC8F623F7F1A100766461 /* AppDelegate.swift */,
				C34CC8F823F7F1A100766461 /* ViewController.swift */,
				C34CC8FA23F7F1A100766461 /* Main.storyboard */,
				C34CC8FD23F7F1A100766461 /* Assets.xcassets */,
				C34CC8FF23F7F1A100766461 /* LaunchScreen.storyboard */,
				C34CC90223F7F1A100766461 /* Info.plist */,
				4043EF9F23F7FA5B006E65D8 /* SecondViewController.swift */,
				4043EFA123F8015E006E65D8 /* DisplayViewController.swift */,
			);
			path = tree;
			sourceTree = "<group>";
		};
		C34CC90A23F7F1A100766461 /* treeTests */ = {
			isa = PBXGroup;
			children = (
				C34CC90B23F7F1A100766461 /* treeTests.swift */,
				C34CC90D23F7F1A100766461 /* Info.plist */,
			);
			path = treeTests;
			sourceTree = "<group>";
		};
		C34CC91523F7F1A100766461 /* treeUITests */ = {
			isa = PBXGroup;
			children = (
				C34CC91623F7F1A100766461 /* treeUITests.swift */,
				C34CC91823F7F1A200766461 /* Info.plist */,
			);
			path = treeUITests;
			sourceTree = "<group>";
		};
/* End PBXGroup section */

/* Begin PBXNativeTarget section */
		C34CC8F223F7F1A100766461 /* tree */ = {
			isa = PBXNativeTarget;
			buildConfigurationList = C34CC91B23F7F1A200766461 /* Build configuration list for PBXNativeTarget "tree" */;
			buildPhases = (
				C34CC8EF23F7F1A100766461 /* Sources */,
				C34CC8F023F7F1A100766461 /* Frameworks */,
				C34CC8F123F7F1A100766461 /* Resources */,
			);
			buildRules = (
			);
			dependencies = (
			);
			name = tree;
			productName = tree;
			productReference = C34CC8F323F7F1A100766461 /* Equitas.app */;
			productType = "com.apple.product-type.application";
		};
		C34CC90623F7F1A100766461 /* treeTests */ = {
			isa = PBXNativeTarget;
			buildConfigurationList = C34CC91E23F7F1A200766461 /* Build configuration list for PBXNativeTarget "treeTests" */;
			buildPhases = (
				C34CC90323F7F1A100766461 /* Sources */,
				C34CC90423F7F1A100766461 /* Frameworks */,
				C34CC90523F7F1A100766461 /* Resources */,
			);
			buildRules = (
			);
			dependencies = (
				C34CC90923F7F1A100766461 /* PBXTargetDependency */,
			);
			name = treeTests;
			productName = treeTests;
			productReference = C34CC90723F7F1A100766461 /* treeTests.xctest */;
			productType = "com.apple.product-type.bundle.unit-test";
		};
		C34CC91123F7F1A100766461 /* treeUITests */ = {
			isa = PBXNativeTarget;
			buildConfigurationList = C34CC92123F7F1A200766461 /* Build configuration list for PBXNativeTarget "treeUITests" */;
			buildPhases = (
				C34CC90E23F7F1A100766461 /* Sources */,
				C34CC90F23F7F1A100766461 /* Frameworks */,
				C34CC91023F7F1A100766461 /* Resources */,
			);
			buildRules = (
			);
			dependencies = (
				C34CC91423F7F1A100766461 /* PBXTargetDependency */,
			);
			name = treeUITests;
			productName = treeUITests;
			productReference = C34CC91223F7F1A100766461 /* treeUITests.xctest */;
			productType = "com.apple.product-type.bundle.ui-testing";
		};
/* End PBXNativeTarget section */

/* Begin PBXProject section */
		C34CC8EB23F7F1A100766461 /* Project object */ = {
			isa = PBXProject;
			attributes = {
				LastSwiftUpdateCheck = 1010;
				LastUpgradeCheck = 1010;
				ORGANIZATIONNAME = "Katie Wong";
				TargetAttributes = {
					C34CC8F223F7F1A100766461 = {
						CreatedOnToolsVersion = 10.1;
					};
					C34CC90623F7F1A100766461 = {
						CreatedOnToolsVersion = 10.1;
						TestTargetID = C34CC8F223F7F1A100766461;
					};
					C34CC91123F7F1A100766461 = {
						CreatedOnToolsVersion = 10.1;
						TestTargetID = C34CC8F223F7F1A100766461;
					};
				};
			};
			buildConfigurationList = C34CC8EE23F7F1A100766461 /* Build configuration list for PBXProject "tree" */;
			compatibilityVersion = "Xcode 9.3";
			developmentRegion = en;
			hasScannedForEncodings = 0;
			knownRegions = (
				en,
				Base,
			);
			mainGroup = C34CC8EA23F7F1A100766461;
			productRefGroup = C34CC8F423F7F1A100766461 /* Products */;
			projectDirPath = "";
			projectRoot = "";
			targets = (
				C34CC8F223F7F1A100766461 /* tree */,
				C34CC90623F7F1A100766461 /* treeTests */,
				C34CC91123F7F1A100766461 /* treeUITests */,
			);
		};
/* End PBXProject section */

/* Begin PBXResourcesBuildPhase section */
		C34CC8F123F7F1A100766461 /* Resources */ = {
			isa = PBXResourcesBuildPhase;
			buildActionMask = 2147483647;
			files = (
				C34CC90123F7F1A100766461 /* LaunchScreen.storyboard in Resources */,
				C34CC8FE23F7F1A100766461 /* Assets.xcassets in Resources */,
				C34CC8FC23F7F1A100766461 /* Main.storyboard in Resources */,
			);
			runOnlyForDeploymentPostprocessing = 0;
		};
		C34CC90523F7F1A100766461 /* Resources */ = {
			isa = PBXResourcesBuildPhase;
			buildActionMask = 2147483647;
			files = (
			);
			runOnlyForDeploymentPostprocessing = 0;
		};
		C34CC91023F7F1A100766461 /* Resources */ = {
			isa = PBXResourcesBuildPhase;
			buildActionMask = 2147483647;
			files = (
			);
			runOnlyForDeploymentPostprocessing = 0;
		};
/* End PBXResourcesBuildPhase section */

/* Begin PBXSourcesBuildPhase section */
		C34CC8EF23F7F1A100766461 /* Sources */ = {
			isa = PBXSourcesBuildPhase;
			buildActionMask = 2147483647;
			files = (
				4043EFA023F7FA5B006E65D8 /* SecondViewController.swift in Sources */,
				C34CC8F923F7F1A100766461 /* ViewController.swift in Sources */,
				C34CC8F723F7F1A100766461 /* AppDelegate.swift in Sources */,
				4043EFA223F8015E006E65D8 /* DisplayViewController.swift in Sources */,
			);
			runOnlyForDeploymentPostprocessing = 0;
		};
		C34CC90323F7F1A100766461 /* Sources */ = {
			isa = PBXSourcesBuildPhase;
			buildActionMask = 2147483647;
			files = (
				C34CC90C23F7F1A100766461 /* treeTests.swift in Sources */,
			);
			runOnlyForDeploymentPostprocessing = 0;
		};
		C34CC90E23F7F1A100766461 /* Sources */ = {
			isa = PBXSourcesBuildPhase;
			buildActionMask = 2147483647;
			files = (
				C34CC91723F7F1A100766461 /* treeUITests.swift in Sources */,
			);
			runOnlyForDeploymentPostprocessing = 0;
		};
/* End PBXSourcesBuildPhase section */

/* Begin PBXTargetDependency section */
		C34CC90923F7F1A100766461 /* PBXTargetDependency */ = {
			isa = PBXTargetDependency;
			target = C34CC8F223F7F1A100766461 /* tree */;
			targetProxy = C34CC90823F7F1A100766461 /* PBXContainerItemProxy */;
		};
		C34CC91423F7F1A100766461 /* PBXTargetDependency */ = {
			isa = PBXTargetDependency;
			target = C34CC8F223F7F1A100766461 /* tree */;
			targetProxy = C34CC91323F7F1A100766461 /* PBXContainerItemProxy */;
		};
/* End PBXTargetDependency section */

/* Begin PBXVariantGroup section */
		C34CC8FA23F7F1A100766461 /* Main.storyboard */ = {
			isa = PBXVariantGroup;
			children = (
				C34CC8FB23F7F1A100766461 /* Base */,
			);
			name = Main.storyboard;
			sourceTree = "<group>";
		};
		C34CC8FF23F7F1A100766461 /* LaunchScreen.storyboard */ = {
			isa = PBXVariantGroup;
			children = (
				C34CC90023F7F1A100766461 /* Base */,
			);
			name = LaunchScreen.storyboard;
			sourceTree = "<group>";
		};
/* End PBXVariantGroup section */

/* Begin XCBuildConfiguration section */
		C34CC91923F7F1A200766461 /* Debug */ = {
			isa = XCBuildConfiguration;
			buildSettings = {
				ALWAYS_SEARCH_USER_PATHS = NO;
				CLANG_ANALYZER_NONNULL = YES;
				CLANG_ANALYZER_NUMBER_OBJECT_CONVERSION = YES_AGGRESSIVE;
				CLANG_CXX_LANGUAGE_STANDARD = "gnu++14";
				CLANG_CXX_LIBRARY = "libc++";
				CLANG_ENABLE_MODULES = YES;
				CLANG_ENABLE_OBJC_ARC = YES;
				CLANG_ENABLE_OBJC_WEAK = YES;
				CLANG_WARN_BLOCK_CAPTURE_AUTORELEASING = YES;
				CLANG_WARN_BOOL_CONVERSION = YES;
				CLANG_WARN_COMMA = YES;
				CLANG_WARN_CONSTANT_CONVERSION = YES;
				CLANG_WARN_DEPRECATED_OBJC_IMPLEMENTATIONS = YES;
				CLANG_WARN_DIRECT_OBJC_ISA_USAGE = YES_ERROR;
				CLANG_WARN_DOCUMENTATION_COMMENTS = YES;
				CLANG_WARN_EMPTY_BODY = YES;
				CLANG_WARN_ENUM_CONVERSION = YES;
				CLANG_WARN_INFINITE_RECURSION = YES;
				CLANG_WARN_INT_CONVERSION = YES;
				CLANG_WARN_NON_LITERAL_NULL_CONVERSION = YES;
				CLANG_WARN_OBJC_IMPLICIT_RETAIN_SELF = YES;
				CLANG_WARN_OBJC_LITERAL_CONVERSION = YES;
				CLANG_WARN_OBJC_ROOT_CLASS = YES_ERROR;
				CLANG_WARN_RANGE_LOOP_ANALYSIS = YES;
				CLANG_WARN_STRICT_PROTOTYPES = YES;
				CLANG_WARN_SUSPICIOUS_MOVE = YES;
				CLANG_WARN_UNGUARDED_AVAILABILITY = YES_AGGRESSIVE;
				CLANG_WARN_UNREACHABLE_CODE = YES;
				CLANG_WARN__DUPLICATE_METHOD_MATCH = YES;
				CODE_SIGN_IDENTITY = "iPhone Developer";
				COPY_PHASE_STRIP = NO;
				DEBUG_INFORMATION_FORMAT = dwarf;
				ENABLE_STRICT_OBJC_MSGSEND = YES;
				ENABLE_TESTABILITY = YES;
				GCC_C_LANGUAGE_STANDARD = gnu11;
				GCC_DYNAMIC_NO_PIC = NO;
				GCC_NO_COMMON_BLOCKS = YES;
				GCC_OPTIMIZATION_LEVEL = 0;
				GCC_PREPROCESSOR_DEFINITIONS = (
					"DEBUG=1",
					"$(inherited)",
				);
				GCC_WARN_64_TO_32_BIT_CONVERSION = YES;
				GCC_WARN_ABOUT_RETURN_TYPE = YES_ERROR;
				GCC_WARN_UNDECLARED_SELECTOR = YES;
				GCC_WARN_UNINITIALIZED_AUTOS = YES_AGGRESSIVE;
				GCC_WARN_UNUSED_FUNCTION = YES;
				GCC_WARN_UNUSED_VARIABLE = YES;
				IPHONEOS_DEPLOYMENT_TARGET = 12.1;
				MTL_ENABLE_DEBUG_INFO = INCLUDE_SOURCE;
				MTL_FAST_MATH = YES;
				ONLY_ACTIVE_ARCH = YES;
				SDKROOT = iphoneos;
				SWIFT_ACTIVE_COMPILATION_CONDITIONS = DEBUG;
				SWIFT_OPTIMIZATION_LEVEL = "-Onone";
			};
			name = Debug;
		};
		C34CC91A23F7F1A200766461 /* Release */ = {
			isa = XCBuildConfiguration;
			buildSettings = {
				ALWAYS_SEARCH_USER_PATHS = NO;
				CLANG_ANALYZER_NONNULL = YES;
				CLANG_ANALYZER_NUMBER_OBJECT_CONVERSION = YES_AGGRESSIVE;
				CLANG_CXX_LANGUAGE_STANDARD = "gnu++14";
				CLANG_CXX_LIBRARY = "libc++";
				CLANG_ENABLE_MODULES = YES;
				CLANG_ENABLE_OBJC_ARC = YES;
				CLANG_ENABLE_OBJC_WEAK = YES;
				CLANG_WARN_BLOCK_CAPTURE_AUTORELEASING = YES;
				CLANG_WARN_BOOL_CONVERSION = YES;
				CLANG_WARN_COMMA = YES;
				CLANG_WARN_CONSTANT_CONVERSION = YES;
				CLANG_WARN_DEPRECATED_OBJC_IMPLEMENTATIONS = YES;
				CLANG_WARN_DIRECT_OBJC_ISA_USAGE = YES_ERROR;
				CLANG_WARN_DOCUMENTATION_COMMENTS = YES;
				CLANG_WARN_EMPTY_BODY = YES;
				CLANG_WARN_ENUM_CONVERSION = YES;
				CLANG_WARN_INFINITE_RECURSION = YES;
				CLANG_WARN_INT_CONVERSION = YES;
				CLANG_WARN_NON_LITERAL_NULL_CONVERSION = YES;
				CLANG_WARN_OBJC_IMPLICIT_RETAIN_SELF = YES;
				CLANG_WARN_OBJC_LITERAL_CONVERSION = YES;
				CLANG_WARN_OBJC_ROOT_CLASS = YES_ERROR;
				CLANG_WARN_RANGE_LOOP_ANALYSIS = YES;
				CLANG_WARN_STRICT_PROTOTYPES = YES;
				CLANG_WARN_SUSPICIOUS_MOVE = YES;
				CLANG_WARN_UNGUARDED_AVAILABILITY = YES_AGGRESSIVE;
				CLANG_WARN_UNREACHABLE_CODE = YES;
				CLANG_WARN__DUPLICATE_METHOD_MATCH = YES;
				CODE_SIGN_IDENTITY = "iPhone Developer";
				COPY_PHASE_STRIP = NO;
				DEBUG_INFORMATION_FORMAT = "dwarf-with-dsym";
				ENABLE_NS_ASSERTIONS = NO;
				ENABLE_STRICT_OBJC_MSGSEND = YES;
				GCC_C_LANGUAGE_STANDARD = gnu11;
				GCC_NO_COMMON_BLOCKS = YES;
				GCC_WARN_64_TO_32_BIT_CONVERSION = YES;
				GCC_WARN_ABOUT_RETURN_TYPE = YES_ERROR;
				GCC_WARN_UNDECLARED_SELECTOR = YES;
				GCC_WARN_UNINITIALIZED_AUTOS = YES_AGGRESSIVE;
				GCC_WARN_UNUSED_FUNCTION = YES;
				GCC_WARN_UNUSED_VARIABLE = YES;
				IPHONEOS_DEPLOYMENT_TARGET = 12.1;
				MTL_ENABLE_DEBUG_INFO = NO;
				MTL_FAST_MATH = YES;
				SDKROOT = iphoneos;
				SWIFT_COMPILATION_MODE = wholemodule;
				SWIFT_OPTIMIZATION_LEVEL = "-O";
				VALIDATE_PRODUCT = YES;
			};
			name = Release;
		};
		C34CC91C23F7F1A200766461 /* Debug */ = {
			isa = XCBuildConfiguration;
			buildSettings = {
				ASSETCATALOG_COMPILER_APPICON_NAME = AppIcon;
				CODE_SIGN_STYLE = Automatic;
				DEVELOPMENT_TEAM = QDS793428S;
				INFOPLIST_FILE = tree/Info.plist;
				LD_RUNPATH_SEARCH_PATHS = (
					"$(inherited)",
					"@executable_path/Frameworks",
				);
				PRODUCT_BUNDLE_IDENTIFIER = murake.tree;
				PRODUCT_NAME = Equitas;
				SWIFT_VERSION = 4.2;
				TARGETED_DEVICE_FAMILY = "1,2";
			};
			name = Debug;
		};
		C34CC91D23F7F1A200766461 /* Release */ = {
			isa = XCBuildConfiguration;
			buildSettings = {
				ASSETCATALOG_COMPILER_APPICON_NAME = AppIcon;
				CODE_SIGN_STYLE = Automatic;
				DEVELOPMENT_TEAM = QDS793428S;
				INFOPLIST_FILE = tree/Info.plist;
				LD_RUNPATH_SEARCH_PATHS = (
					"$(inherited)",
					"@executable_path/Frameworks",
				);
				PRODUCT_BUNDLE_IDENTIFIER = murake.tree;
				PRODUCT_NAME = Equitas;
				SWIFT_VERSION = 4.2;
				TARGETED_DEVICE_FAMILY = "1,2";
			};
			name = Release;
		};
		C34CC91F23F7F1A200766461 /* Debug */ = {
			isa = XCBuildConfiguration;
			buildSettings = {
				ALWAYS_EMBED_SWIFT_STANDARD_LIBRARIES = YES;
				BUNDLE_LOADER = "$(TEST_HOST)";
				CODE_SIGN_STYLE = Automatic;
				INFOPLIST_FILE = treeTests/Info.plist;
				LD_RUNPATH_SEARCH_PATHS = (
					"$(inherited)",
					"@executable_path/Frameworks",
					"@loader_path/Frameworks",
				);
				PRODUCT_BUNDLE_IDENTIFIER = murake.treeTests;
				PRODUCT_NAME = "$(TARGET_NAME)";
				SWIFT_VERSION = 4.2;
				TARGETED_DEVICE_FAMILY = "1,2";
				TEST_HOST = "$(BUILT_PRODUCTS_DIR)/tree.app/tree";
			};
			name = Debug;
		};
		C34CC92023F7F1A200766461 /* Release */ = {
			isa = XCBuildConfiguration;
			buildSettings = {
				ALWAYS_EMBED_SWIFT_STANDARD_LIBRARIES = YES;
				BUNDLE_LOADER = "$(TEST_HOST)";
				CODE_SIGN_STYLE = Automatic;
				INFOPLIST_FILE = treeTests/Info.plist;
				LD_RUNPATH_SEARCH_PATHS = (
					"$(inherited)",
					"@executable_path/Frameworks",
					"@loader_path/Frameworks",
				);
				PRODUCT_BUNDLE_IDENTIFIER = murake.treeTests;
				PRODUCT_NAME = "$(TARGET_NAME)";
				SWIFT_VERSION = 4.2;
				TARGETED_DEVICE_FAMILY = "1,2";
				TEST_HOST = "$(BUILT_PRODUCTS_DIR)/tree.app/tree";
			};
			name = Release;
		};
		C34CC92223F7F1A200766461 /* Debug */ = {
			isa = XCBuildConfiguration;
			buildSettings = {
				ALWAYS_EMBED_SWIFT_STANDARD_LIBRARIES = YES;
				CODE_SIGN_STYLE = Automatic;
				INFOPLIST_FILE = treeUITests/Info.plist;
				LD_RUNPATH_SEARCH_PATHS = (
					"$(inherited)",
					"@executable_path/Frameworks",
					"@loader_path/Frameworks",
				);
				PRODUCT_BUNDLE_IDENTIFIER = murake.treeUITests;
				PRODUCT_NAME = "$(TARGET_NAME)";
				SWIFT_VERSION = 4.2;
				TARGETED_DEVICE_FAMILY = "1,2";
				TEST_TARGET_NAME = tree;
			};
			name = Debug;
		};
		C34CC92323F7F1A200766461 /* Release */ = {
			isa = XCBuildConfiguration;
			buildSettings = {
				ALWAYS_EMBED_SWIFT_STANDARD_LIBRARIES = YES;
				CODE_SIGN_STYLE = Automatic;
				INFOPLIST_FILE = treeUITests/Info.plist;
				LD_RUNPATH_SEARCH_PATHS = (
					"$(inherited)",
					"@executable_path/Frameworks",
					"@loader_path/Frameworks",
				);
				PRODUCT_BUNDLE_IDENTIFIER = murake.treeUITests;
				PRODUCT_NAME = "$(TARGET_NAME)";
				SWIFT_VERSION = 4.2;
				TARGETED_DEVICE_FAMILY = "1,2";
				TEST_TARGET_NAME = tree;
			};
			name = Release;
		};
/* End XCBuildConfiguration section */

/* Begin XCConfigurationList section */
		C34CC8EE23F7F1A100766461 /* Build configuration list for PBXProject "tree" */ = {
			isa = XCConfigurationList;
			buildConfigurations = (
				C34CC91923F7F1A200766461 /* Debug */,
				C34CC91A23F7F1A200766461 /* Release */,
			);
			defaultConfigurationIsVisible = 0;
			defaultConfigurationName = Release;
		};
		C34CC91B23F7F1A200766461 /* Build configuration list for PBXNativeTarget "tree" */ = {
			isa = XCConfigurationList;
			buildConfigurations = (
				C34CC91C23F7F1A200766461 /* Debug */,
				C34CC91D23F7F1A200766461 /* Release */,
			);
			defaultConfigurationIsVisible = 0;
			defaultConfigurationName = Release;
		};
		C34CC91E23F7F1A200766461 /* Build configuration list for PBXNativeTarget "treeTests" */ = {
			isa = XCConfigurationList;
			buildConfigurations = (
				C34CC91F23F7F1A200766461 /* Debug */,
				C34CC92023F7F1A200766461 /* Release */,
			);
			defaultConfigurationIsVisible = 0;
			defaultConfigurationName = Release;
		};
		C34CC92123F7F1A200766461 /* Build configuration list for PBXNativeTarget "treeUITests" */ = {
			isa = XCConfigurationList;
			buildConfigurations = (
				C34CC92223F7F1A200766461 /* Debug */,
				C34CC92323F7F1A200766461 /* Release */,
			);
			defaultConfigurationIsVisible = 0;
			defaultConfigurationName = Release;
		};
/* End XCConfigurationList section */
	};
	rootObject = C34CC8EB23F7F1A100766461 /* Project object */;
}
